
Microsoft Visual Studio Solution File, Format Version 12.00
# Visual Studio 2012
Project("{FAE04EC0-301F-11D3-BF4B-00C04F79EFBC}") = "RestApi.Security", "RestApi.Security\RestApi.Security.csproj", "{37E9B5FB-FB5B-4619-80E2-769F41FE4C32}"
EndProject
Project("{FAE04EC0-301F-11D3-BF4B-00C04F79EFBC}") = "EncryptionKeySample", "EncryptionKeySample\EncryptionKeySample.csproj", "{CF47AF0A-385A-433D-97EE-F78B22B778A3}"
EndProject
Project("{2150E333-8FDC-42A3-9474-1A3956D46DE8}") = "Solution Items", "Solution Items", "{808091B8-35FE-4721-9CDE-A6351ED1D94B}"
	ProjectSection(SolutionItems) = preProject
		README.md = README.md
	EndProjectSection
EndProject
Project("{FAE04EC0-301F-11D3-BF4B-00C04F79EFBC}") = "RestApi.Security.Benchmarks", "RestApi.Security.Benchmarks\RestApi.Security.Benchmarks.csproj", "{7A16D7EE-BEC2-4A80-B1B3-9A78D4B122BA}"
EndProject
Global
	GlobalSection(SolutionConfigurationPlatforms) = preSolution
		Debug|Any CPU = Debug|Any CPU
		Release|Any CPU = Release|Any CPU
	EndGlobalSection
	GlobalSection(ProjectConfigurationPlatforms) = postSolution
		{37E9B5FB-FB5B-4619-80E2-769F41FE4C32}.Debug|Any CPU.ActiveCfg = Debug|Any CPU
		{37E9B5FB-FB5B-4619-80E2-769F41FE4C32}.Debug|Any CPU.Build.0 = Debug|Any CPU
		{37E9B5FB-FB5B-4619-80E2-769F41FE4C32}.Release|Any CPU.ActiveCfg = Release|Any CPU
		{37E9B5FB-FB5B-4619-80E2-769F41FE4C32}.Release|Any CPU.Build.0 = Release|Any CPU
		{CF47AF0A-385A-433D-97EE-F78B22B778A3}.Debug|Any CPU.ActiveCfg = Debug|Any CPU
		{CF47AF0A-385A-433D-97EE-F78B22B778A3}.Debug|Any CPU.Build.0 = Debug|Any CPU
		{CF47AF0A-385A-433D-97EE-F78B22B778A3}.Release|Any CPU.ActiveCfg = Release|Any CPU
		{CF47AF0A-385A-433D-97EE-F78B22B778A3}.Release|Any CPU.Build.0 = Release|Any CPU
		{7A16D7EE-BEC2-4A80-B1B3-9A78D4B122BA}.Debug|Any CPU.ActiveCfg = Debug|Any CPU
		{7A16D7EE-BEC2-4A80-B1B3-9A78D4B122BA}.Debug|Any CPU.Build.0 = Debug|Any CPU
		{7A16D7EE-BEC2-4A80-B1B3-9A78D4B122BA}.Release|Any CPU.ActiveCfg = Release|Any CPU
		{7A16D7EE-BEC2-4A80-B1B3-9A78D4B122BA}.Release|Any CPU.Build.0 = Release|Any CPU
	EndGlobalSection
EndGlobal
